
Microsoft Visual Studio Solution File, Format Version 12.00
# Visual Studio Version 17
VisualStudioVersion = 17.6.33829.357
MinimumVisualStudioVersion = 10.0.40219.1
Project("{9A19103F-16F7-4668-BE54-9A1E7A4F7556}") = "ConsoleUI", "ConsoleUI\ConsoleUI.csproj", "{F2459702-ACAF-443C-B654-666BAFE0B67A}"
EndProject
Project("{9A19103F-16F7-4668-BE54-9A1E7A4F7556}") = "Entities", "Entities\Entities.csproj", "{A3242EF9-C1A2-4122-B29F-B71A597D15E8}"
EndProject
Project("{9A19103F-16F7-4668-BE54-9A1E7A4F7556}") = "DataAccess", "DataAccess\DataAccess.csproj", "{C5D6D050-83F9-45B2-95E3-61E1159D95E5}"
EndProject
Project("{9A19103F-16F7-4668-BE54-9A1E7A4F7556}") = "Core", "Core\Core.csproj", "{CB452363-75D0-4CC8-97B1-562DAC686A75}"
EndProject
Project("{FAE04EC0-301F-11D3-BF4B-00C04F79EFBC}") = "Business", "Business\Business.csproj", "{EE88DC84-AF73-44C1-9237-6DAB41AC7E83}"
EndProject
Global
	GlobalSection(SolutionConfigurationPlatforms) = preSolution
		Debug|Any CPU = Debug|Any CPU
		Release|Any CPU = Release|Any CPU
	EndGlobalSection
	GlobalSection(ProjectConfigurationPlatforms) = postSolution
		{F2459702-ACAF-443C-B654-666BAFE0B67A}.Debug|Any CPU.ActiveCfg = Debug|Any CPU
		{F2459702-ACAF-443C-B654-666BAFE0B67A}.Debug|Any CPU.Build.0 = Debug|Any CPU
		{F2459702-ACAF-443C-B654-666BAFE0B67A}.Release|Any CPU.ActiveCfg = Release|Any CPU
		{F2459702-ACAF-443C-B654-666BAFE0B67A}.Release|Any CPU.Build.0 = Release|Any CPU
		{A3242EF9-C1A2-4122-B29F-B71A597D15E8}.Debug|Any CPU.ActiveCfg = Debug|Any CPU
		{A3242EF9-C1A2-4122-B29F-B71A597D15E8}.Debug|Any CPU.Build.0 = Debug|Any CPU
		{A3242EF9-C1A2-4122-B29F-B71A597D15E8}.Release|Any CPU.ActiveCfg = Release|Any CPU
		{A3242EF9-C1A2-4122-B29F-B71A597D15E8}.Release|Any CPU.Build.0 = Release|Any CPU
		{C5D6D050-83F9-45B2-95E3-61E1159D95E5}.Debug|Any CPU.ActiveCfg = Debug|Any CPU
		{C5D6D050-83F9-45B2-95E3-61E1159D95E5}.Debug|Any CPU.Build.0 = Debug|Any CPU
		{C5D6D050-83F9-45B2-95E3-61E1159D95E5}.Release|Any CPU.ActiveCfg = Release|Any CPU
		{C5D6D050-83F9-45B2-95E3-61E1159D95E5}.Release|Any CPU.Build.0 = Release|Any CPU
		{CB452363-75D0-4CC8-97B1-562DAC686A75}.Debug|Any CPU.ActiveCfg = Debug|Any CPU
		{CB452363-75D0-4CC8-97B1-562DAC686A75}.Debug|Any CPU.Build.0 = Debug|Any CPU
		{CB452363-75D0-4CC8-97B1-562DAC686A75}.Release|Any CPU.ActiveCfg = Release|Any CPU
		{CB452363-75D0-4CC8-97B1-562DAC686A75}.Release|Any CPU.Build.0 = Release|Any CPU
		{EE88DC84-AF73-44C1-9237-6DAB41AC7E83}.Debug|Any CPU.ActiveCfg = Debug|Any CPU
		{EE88DC84-AF73-44C1-9237-6DAB41AC7E83}.Debug|Any CPU.Build.0 = Debug|Any CPU
		{EE88DC84-AF73-44C1-9237-6DAB41AC7E83}.Release|Any CPU.ActiveCfg = Release|Any CPU
		{EE88DC84-AF73-44C1-9237-6DAB41AC7E83}.Release|Any CPU.Build.0 = Release|Any CPU
	EndGlobalSection
	GlobalSection(SolutionProperties) = preSolution
		HideSolutionNode = FALSE
	EndGlobalSection
	GlobalSection(ExtensibilityGlobals) = postSolution
		SolutionGuid = {EEE8FD7B-4383-4593-BBFF-12B3A208B985}
	EndGlobalSection
EndGlobal
